PODS:
  - Expecta (1.0.6)
  - Peregrine (0.8.2)
  - Specta (1.0.7)
  - SubPodLib (0.0.1):
    - Peregrine

DEPENDENCIES:
  - Expecta (~> 1.0)
  - Peregrine (from `../`)
  - Specta (~> 1.0)
  - SubPodLib (from `../SubPodLib`)

SPEC REPOS:
  trunk:
    - Expecta
    - Specta

EXTERNAL SOURCES:
  Peregrine:
    :path: "../"
  SubPodLib:
    :path: "../SubPodLib"

SPEC CHECKSUMS:
  Expecta: 3b6bd90a64b9a1dcb0b70aa0e10a7f8f631667d5
  Peregrine: b780499e7fc8189debbf627a2c25e85f155ab76d
  Specta: 3e1bd89c3517421982dc4d1c992503e48bd5fe66
  SubPodLib: 49cf37a6333194f4a9c3769ab3a568c9b85efcd5

PODFILE CHECKSUM: 5e1c46f4d7ea7bbdab8e007c58bdc530d59618ec

COCOAPODS: 1.9.3
